
Microsoft Visual Studio Solution File, Format Version 12.00
# Visual Studio Version 17
VisualStudioVersion = 17.8.34330.188
MinimumVisualStudioVersion = 10.0.40219.1
Project("{9A19103F-16F7-4668-BE54-9A1E7A4F7556}") = "OpenCVGPUTest", "OpenCVGPUTest\OpenCVGPUTest.csproj", "{78D826DE-A7DE-4F4F-A1FB-78E188684268}"
EndProject
Project("{8BC9CEB8-8B4A-11D0-8D11-00A0C91BC942}") = "CudaRuntime", "CudaRuntime\CudaRuntime.vcxproj", "{759EF389-6242-4E76-A19E-24D280792027}"
EndProject
Global
	GlobalSection(SolutionConfigurationPlatforms) = preSolution
		Debug|Any CPU = Debug|Any CPU
		Debug|x64 = Debug|x64
		Release|Any CPU = Release|Any CPU
		Release|x64 = Release|x64
	EndGlobalSection
	GlobalSection(ProjectConfigurationPlatforms) = postSolution
		{78D826DE-A7DE-4F4F-A1FB-78E188684268}.Debug|Any CPU.ActiveCfg = Debug|Any CPU
		{78D826DE-A7DE-4F4F-A1FB-78E188684268}.Debug|Any CPU.Build.0 = Debug|Any CPU
		{78D826DE-A7DE-4F4F-A1FB-78E188684268}.Debug|x64.ActiveCfg = Debug|Any CPU
		{78D826DE-A7DE-4F4F-A1FB-78E188684268}.Debug|x64.Build.0 = Debug|Any CPU
		{78D826DE-A7DE-4F4F-A1FB-78E188684268}.Release|Any CPU.ActiveCfg = Release|Any CPU
		{78D826DE-A7DE-4F4F-A1FB-78E188684268}.Release|Any CPU.Build.0 = Release|Any CPU
		{78D826DE-A7DE-4F4F-A1FB-78E188684268}.Release|x64.ActiveCfg = Release|Any CPU
		{78D826DE-A7DE-4F4F-A1FB-78E188684268}.Release|x64.Build.0 = Release|Any CPU
		{759EF389-6242-4E76-A19E-24D280792027}.Debug|Any CPU.ActiveCfg = Debug|x64
		{759EF389-6242-4E76-A19E-24D280792027}.Debug|Any CPU.Build.0 = Debug|x64
		{759EF389-6242-4E76-A19E-24D280792027}.Debug|x64.ActiveCfg = Debug|x64
		{759EF389-6242-4E76-A19E-24D280792027}.Debug|x64.Build.0 = Debug|x64
		{759EF389-6242-4E76-A19E-24D280792027}.Release|Any CPU.ActiveCfg = Release|x64
		{759EF389-6242-4E76-A19E-24D280792027}.Release|Any CPU.Build.0 = Release|x64
		{759EF389-6242-4E76-A19E-24D280792027}.Release|x64.ActiveCfg = Release|x64
		{759EF389-6242-4E76-A19E-24D280792027}.Release|x64.Build.0 = Release|x64
	EndGlobalSection
	GlobalSection(SolutionProperties) = preSolution
		HideSolutionNode = FALSE
	EndGlobalSection
	GlobalSection(ExtensibilityGlobals) = postSolution
		SolutionGuid = {1505C425-DD95-49AE-AAB9-C660B50B93FF}
	EndGlobalSection
EndGlobal
